
Microsoft Visual Studio Solution File, Format Version 12.00
# Visual Studio Version 17
VisualStudioVersion = 17.0.31903.59
MinimumVisualStudioVersion = 10.0.40219.1
Project("{FAE04EC0-301F-11D3-BF4B-00C04F79EFBC}") = "Tdd.CloudCostumers.API", "Tdd.CloudCostumers.API\Tdd.CloudCostumers.API.csproj", "{25392963-D0C2-48EF-8631-CD53B0BAD7C0}"
EndProject
Project("{FAE04EC0-301F-11D3-BF4B-00C04F79EFBC}") = "Tdd.CloudCostumers.UnitTests", "Tdd.CloudCostumers.UnitTests\Tdd.CloudCostumers.UnitTests.csproj", "{E9817BA5-DD69-4373-9CE8-527668443BAC}"
EndProject
Global
	GlobalSection(SolutionConfigurationPlatforms) = preSolution
		Debug|Any CPU = Debug|Any CPU
		Release|Any CPU = Release|Any CPU
	EndGlobalSection
	GlobalSection(SolutionProperties) = preSolution
		HideSolutionNode = FALSE
	EndGlobalSection
	GlobalSection(ProjectConfigurationPlatforms) = postSolution
		{25392963-D0C2-48EF-8631-CD53B0BAD7C0}.Debug|Any CPU.ActiveCfg = Debug|Any CPU
		{25392963-D0C2-48EF-8631-CD53B0BAD7C0}.Debug|Any CPU.Build.0 = Debug|Any CPU
		{25392963-D0C2-48EF-8631-CD53B0BAD7C0}.Release|Any CPU.ActiveCfg = Release|Any CPU
		{25392963-D0C2-48EF-8631-CD53B0BAD7C0}.Release|Any CPU.Build.0 = Release|Any CPU
		{E9817BA5-DD69-4373-9CE8-527668443BAC}.Debug|Any CPU.ActiveCfg = Debug|Any CPU
		{E9817BA5-DD69-4373-9CE8-527668443BAC}.Debug|Any CPU.Build.0 = Debug|Any CPU
		{E9817BA5-DD69-4373-9CE8-527668443BAC}.Release|Any CPU.ActiveCfg = Release|Any CPU
		{E9817BA5-DD69-4373-9CE8-527668443BAC}.Release|Any CPU.Build.0 = Release|Any CPU
	EndGlobalSection
EndGlobal
